
Microsoft Visual Studio Solution File, Format Version 12.00
# Visual Studio Version 16
VisualStudioVersion = 16.0.30621.155
MinimumVisualStudioVersion = 10.0.40219.1
Project("{9A19103F-16F7-4668-BE54-9A1E7A4F7556}") = "Crafts", "Crafts\Crafts.csproj", "{05FCAC57-31A4-4945-BC7A-8C329AC53247}"
EndProject
Project("{FAE04EC0-301F-11D3-BF4B-00C04F79EFBC}") = "UnitTestProject", "UnitTestProject\UnitTestProject.csproj", "{FF82034D-05FB-4A23-B083-8542DF96CC8D}"
EndProject
Project("{FAE04EC0-301F-11D3-BF4B-00C04F79EFBC}") = "NUnitTestProject", "NUnitTestProject\NUnitTestProject.csproj", "{975EF13B-ECDF-40A2-95C9-43108AF402CF}"
EndProject
Global
	GlobalSection(SolutionConfigurationPlatforms) = preSolution
		Debug|Any CPU = Debug|Any CPU
		Release|Any CPU = Release|Any CPU
	EndGlobalSection
	GlobalSection(ProjectConfigurationPlatforms) = postSolution
		{05FCAC57-31A4-4945-BC7A-8C329AC53247}.Debug|Any CPU.ActiveCfg = Debug|Any CPU
		{05FCAC57-31A4-4945-BC7A-8C329AC53247}.Debug|Any CPU.Build.0 = Debug|Any CPU
		{05FCAC57-31A4-4945-BC7A-8C329AC53247}.Release|Any CPU.ActiveCfg = Release|Any CPU
		{05FCAC57-31A4-4945-BC7A-8C329AC53247}.Release|Any CPU.Build.0 = Release|Any CPU
		{FF82034D-05FB-4A23-B083-8542DF96CC8D}.Debug|Any CPU.ActiveCfg = Debug|Any CPU
		{FF82034D-05FB-4A23-B083-8542DF96CC8D}.Debug|Any CPU.Build.0 = Debug|Any CPU
		{FF82034D-05FB-4A23-B083-8542DF96CC8D}.Release|Any CPU.ActiveCfg = Release|Any CPU
		{FF82034D-05FB-4A23-B083-8542DF96CC8D}.Release|Any CPU.Build.0 = Release|Any CPU
		{975EF13B-ECDF-40A2-95C9-43108AF402CF}.Debug|Any CPU.ActiveCfg = Debug|Any CPU
		{975EF13B-ECDF-40A2-95C9-43108AF402CF}.Debug|Any CPU.Build.0 = Debug|Any CPU
		{975EF13B-ECDF-40A2-95C9-43108AF402CF}.Release|Any CPU.ActiveCfg = Release|Any CPU
		{975EF13B-ECDF-40A2-95C9-43108AF402CF}.Release|Any CPU.Build.0 = Release|Any CPU
	EndGlobalSection
	GlobalSection(SolutionProperties) = preSolution
		HideSolutionNode = FALSE
	EndGlobalSection
	GlobalSection(ExtensibilityGlobals) = postSolution
		SolutionGuid = {A420C51C-E477-4E82-B8DC-C45DAA76C717}
	EndGlobalSection
EndGlobal
